{
  "name": "vue-cli4",
  "version": "0.1.0",
  "lockfileVersion": 1,
  "requires": true,
  "dependencies": {
    "vue-cli-plugin-style-resources-loader": {
      "version": "0.1.4",
      "resolved": "https://registry.npm.taobao.org/vue-cli-plugin-style-resources-loader/download/vue-cli-plugin-style-resources-loader-0.1.4.tgz",
      "integrity": "sha1-YIeoYTLqgSWqieX44Kl4+8jPb1k=",
      "dev": true
    }
  }
}
